
Microsoft Visual Studio Solution File, Format Version 12.00
# Visual Studio Version 17
VisualStudioVersion = 17.13.35828.75 d17.13
MinimumVisualStudioVersion = 10.0.40219.1
Project("{FAE04EC0-301F-11D3-BF4B-00C04F79EFBC}") = "RoboTupiniquim.ConsoleApp", "RoboTupiniquim.ConsoleApp\RoboTupiniquim.ConsoleApp.csproj", "{9759C233-3E73-4127-9645-2A381A88A440}"
EndProject
Global
	GlobalSection(SolutionConfigurationPlatforms) = preSolution
		Debug|Any CPU = Debug|Any CPU
		Release|Any CPU = Release|Any CPU
	EndGlobalSection
	GlobalSection(ProjectConfigurationPlatforms) = postSolution
		{9759C233-3E73-4127-9645-2A381A88A440}.Debug|Any CPU.ActiveCfg = Debug|Any CPU
		{9759C233-3E73-4127-9645-2A381A88A440}.Debug|Any CPU.Build.0 = Debug|Any CPU
		{9759C233-3E73-4127-9645-2A381A88A440}.Release|Any CPU.ActiveCfg = Release|Any CPU
		{9759C233-3E73-4127-9645-2A381A88A440}.Release|Any CPU.Build.0 = Release|Any CPU
	EndGlobalSection
	GlobalSection(SolutionProperties) = preSolution
		HideSolutionNode = FALSE
	EndGlobalSection
	GlobalSection(ExtensibilityGlobals) = postSolution
		SolutionGuid = {BB46F597-60CD-42F3-BFB2-FA85400B44A4}
	EndGlobalSection
EndGlobal
